{
  "name": "cocos-demo",
  "lockfileVersion": 3,
  "requires": true,
  "packages": {
    "": {
      "dependencies": {
        "xstate": "^4.38.1"
      }
    },
    "node_modules/xstate": {
      "version": "4.38.1",
      "resolved": "https://registry.npmjs.org/xstate/-/xstate-4.38.1.tgz",
      "integrity": "sha512-1gBUcFWBj/rv/pRcP2Bedl5sNRGX2d36CaOx9z7fE9uSiHaOEHIWzLg1B853q2xdUHUA9pEiWKjLZ3can4SJaQ==",
      "funding": {
        "type": "opencollective",
        "url": "https://opencollective.com/xstate"
      }
    }
  }
}
